// !$*UTF8*$!
{
	archiveVersion = 1;
	classes = {
	};
	objectVersion = 50;
	objects = {

/* Begin PBXBuildFile section */
		66230A91239BB97B002727C7 /* AppDelegate.swift in Sources */ = {isa = PBXBuildFile; fileRef = 66230A90239BB97B002727C7 /* AppDelegate.swift */; };
		66230A93239BB97B002727C7 /* SceneDelegate.swift in Sources */ = {isa = PBXBuildFile; fileRef = 66230A92239BB97B002727C7 /* SceneDelegate.swift */; };
		66230A95239BB97B002727C7 /* ViewController.swift in Sources */ = {isa = PBXBuildFile; fileRef = 66230A94239BB97B002727C7 /* ViewController.swift */; };
		66230A98239BB97B002727C7 /* Main.storyboard in Resources */ = {isa = PBXBuildFile; fileRef = 66230A96239BB97B002727C7 /* Main.storyboard */; };
		66230A9A239BB97D002727C7 /* Assets.xcassets in Resources */ = {isa = PBXBuildFile; fileRef = 66230A99239BB97D002727C7 /* Assets.xcassets */; };
		66230A9D239BB97D002727C7 /* LaunchScreen.storyboard in Resources */ = {isa = PBXBuildFile; fileRef = 66230A9B239BB97D002727C7 /* LaunchScreen.storyboard */; };
		66230AA5239BBE4B002727C7 /* LineChart.swift in Sources */ = {isa = PBXBuildFile; fileRef = 66230AA4239BBE4B002727C7 /* LineChart.swift */; };
		66230AA7239BC01C002727C7 /* CurveAlgorithm.swift in Sources */ = {isa = PBXBuildFile; fileRef = 66230AA6239BC01C002727C7 /* CurveAlgorithm.swift */; };
		66230AA9239BE88A002727C7 /* UIViewControllerExtensions.swift in Sources */ = {isa = PBXBuildFile; fileRef = 66230AA8239BE88A002727C7 /* UIViewControllerExtensions.swift */; };
		6693252D239D621700C725C4 /* CheckBox.swift in Sources */ = {isa = PBXBuildFile; fileRef = 6693252C239D621700C725C4 /* CheckBox.swift */; };
/* End PBXBuildFile section */

/* Begin PBXFileReference section */
		66230A8D239BB97B002727C7 /* LinearChart.app */ = {isa = PBXFileReference; explicitFileType = wrapper.application; includeInIndex = 0; path = LinearChart.app; sourceTree = BUILT_PRODUCTS_DIR; };
		66230A90239BB97B002727C7 /* AppDelegate.swift */ = {isa = PBXFileReference; lastKnownFileType = sourcecode.swift; path = AppDelegate.swift; sourceTree = "<group>"; };
		66230A92239BB97B002727C7 /* SceneDelegate.swift */ = {isa = PBXFileReference; lastKnownFileType = sourcecode.swift; path = SceneDelegate.swift; sourceTree = "<group>"; };
		66230A94239BB97B002727C7 /* ViewController.swift */ = {isa = PBXFileReference; lastKnownFileType = sourcecode.swift; path = ViewController.swift; sourceTree = "<group>"; };
		66230A97239BB97B002727C7 /* Base */ = {isa = PBXFileReference; lastKnownFileType = file.storyboard; name = Base; path = Base.lproj/Main.storyboard; sourceTree = "<group>"; };
		66230A99239BB97D002727C7 /* Assets.xcassets */ = {isa = PBXFileReference; lastKnownFileType = folder.assetcatalog; path = Assets.xcassets; sourceTree = "<group>"; };
		66230A9C239BB97D002727C7 /* Base */ = {isa = PBXFileReference; lastKnownFileType = file.storyboard; name = Base; path = Base.lproj/LaunchScreen.storyboard; sourceTree = "<group>"; };
		66230A9E239BB97D002727C7 /* Info.plist */ = {isa = PBXFileReference; lastKnownFileType = text.plist.xml; path = Info.plist; sourceTree = "<group>"; };
		66230AA4239BBE4B002727C7 /* LineChart.swift */ = {isa = PBXFileReference; lastKnownFileType = sourcecode.swift; path = LineChart.swift; sourceTree = "<group>"; };
		66230AA6239BC01C002727C7 /* CurveAlgorithm.swift */ = {isa = PBXFileReference; lastKnownFileType = sourcecode.swift; path = CurveAlgorithm.swift; sourceTree = "<group>"; };
		66230AA8239BE88A002727C7 /* UIViewControllerExtensions.swift */ = {isa = PBXFileReference; lastKnownFileType = sourcecode.swift; path = UIViewControllerExtensions.swift; sourceTree = "<group>"; };
		6693252C239D621700C725C4 /* CheckBox.swift */ = {isa = PBXFileReference; lastKnownFileType = sourcecode.swift; path = CheckBox.swift; sourceTree = "<group>"; };
/* End PBXFileReference section */

/* Begin PBXFrameworksBuildPhase section */
		66230A8A239BB97B002727C7 /* Frameworks */ = {
			isa = PBXFrameworksBuildPhase;
			buildActionMask = 2147483647;
			files = (
			);
			runOnlyForDeploymentPostprocessing = 0;
		};
/* End PBXFrameworksBuildPhase section */

/* Begin PBXGroup section */
		66230A84239BB97B002727C7 = {
			isa = PBXGroup;
			children = (
				66230A8F239BB97B002727C7 /* LinearChart */,
				66230A8E239BB97B002727C7 /* Products */,
			);
			sourceTree = "<group>";
		};
		66230A8E239BB97B002727C7 /* Products */ = {
			isa = PBXGroup;
			children = (
				66230A8D239BB97B002727C7 /* LinearChart.app */,
			);
			name = Products;
			sourceTree = "<group>";
		};
		66230A8F239BB97B002727C7 /* LinearChart */ = {
			isa = PBXGroup;
			children = (
				66230A90239BB97B002727C7 /* AppDelegate.swift */,
				66230A92239BB97B002727C7 /* SceneDelegate.swift */,
				66230A94239BB97B002727C7 /* ViewController.swift */,
				66230A96239BB97B002727C7 /* Main.storyboard */,
				66230A99239BB97D002727C7 /* Assets.xcassets */,
				66230A9B239BB97D002727C7 /* LaunchScreen.storyboard */,
				66230A9E239BB97D002727C7 /* Info.plist */,
				66230AA4239BBE4B002727C7 /* LineChart.swift */,
				66230AA6239BC01C002727C7 /* CurveAlgorithm.swift */,
				66230AA8239BE88A002727C7 /* UIViewControllerExtensions.swift */,
				6693252C239D621700C725C4 /* CheckBox.swift */,
			);
			path = LinearChart;
			sourceTree = "<group>";
		};
/* End PBXGroup section */

/* Begin PBXNativeTarget section */
		66230A8C239BB97B002727C7 /* LinearChart */ = {
			isa = PBXNativeTarget;
			buildConfigurationList = 66230AA1239BB97D002727C7 /* Build configuration list for PBXNativeTarget "LinearChart" */;
			buildPhases = (
				66230A89239BB97B002727C7 /* Sources */,
				66230A8A239BB97B002727C7 /* Frameworks */,
				66230A8B239BB97B002727C7 /* Resources */,
			);
			buildRules = (
			);
			dependencies = (
			);
			name = LinearChart;
			productName = LinearChart;
			productReference = 66230A8D239BB97B002727C7 /* LinearChart.app */;
			productType = "com.apple.product-type.application";
		};
/* End PBXNativeTarget section */

/* Begin PBXProject section */
		66230A85239BB97B002727C7 /* Project object */ = {
			isa = PBXProject;
			attributes = {
				LastSwiftUpdateCheck = 1100;
				LastUpgradeCheck = 1100;
				ORGANIZATIONNAME = "Dmytro Mashtaler";
				TargetAttributes = {
					66230A8C239BB97B002727C7 = {
						CreatedOnToolsVersion = 11.0;
					};
				};
			};
			buildConfigurationList = 66230A88239BB97B002727C7 /* Build configuration list for PBXProject "LinearChart" */;
			compatibilityVersion = "Xcode 9.3";
			developmentRegion = en;
			hasScannedForEncodings = 0;
			knownRegions = (
				en,
				Base,
			);
			mainGroup = 66230A84239BB97B002727C7;
			productRefGroup = 66230A8E239BB97B002727C7 /* Products */;
			projectDirPath = "";
			projectRoot = "";
			targets = (
				66230A8C239BB97B002727C7 /* LinearChart */,
			);
		};
/* End PBXProject section */

/* Begin PBXResourcesBuildPhase section */
		66230A8B239BB97B002727C7 /* Resources */ = {
			isa = PBXResourcesBuildPhase;
			buildActionMask = 2147483647;
			files = (
				66230A9D239BB97D002727C7 /* LaunchScreen.storyboard in Resources */,
				66230A9A239BB97D002727C7 /* Assets.xcassets in Resources */,
				66230A98239BB97B002727C7 /* Main.storyboard in Resources */,
			);
			runOnlyForDeploymentPostprocessing = 0;
		};
/* End PBXResourcesBuildPhase section */

/* Begin PBXSourcesBuildPhase section */
		66230A89239BB97B002727C7 /* Sources */ = {
			isa = PBXSourcesBuildPhase;
			buildActionMask = 2147483647;
			files = (
				66230AA5239BBE4B002727C7 /* LineChart.swift in Sources */,
				66230A95239BB97B002727C7 /* ViewController.swift in Sources */,
				66230AA9239BE88A002727C7 /* UIViewControllerExtensions.swift in Sources */,
				6693252D239D621700C725C4 /* CheckBox.swift in Sources */,
				66230A91239BB97B002727C7 /* AppDelegate.swift in Sources */,
				66230A93239BB97B002727C7 /* SceneDelegate.swift in Sources */,
				66230AA7239BC01C002727C7 /* CurveAlgorithm.swift in Sources */,
			);
			runOnlyForDeploymentPostprocessing = 0;
		};
/* End PBXSourcesBuildPhase section */

/* Begin PBXVariantGroup section */
		66230A96239BB97B002727C7 /* Main.storyboard */ = {
			isa = PBXVariantGroup;
			children = (
				66230A97239BB97B002727C7 /* Base */,
			);
			name = Main.storyboard;
			sourceTree = "<group>";
		};
		66230A9B239BB97D002727C7 /* LaunchScreen.storyboard */ = {
			isa = PBXVariantGroup;
			children = (
				66230A9C239BB97D002727C7 /* Base */,
			);
			name = LaunchScreen.storyboard;
			sourceTree = "<group>";
		};
/* End PBXVariantGroup section */

/* Begin XCBuildConfiguration section */
		66230A9F239BB97D002727C7 /* Debug */ = {
			isa = XCBuildConfiguration;
			buildSettings = {
				ALWAYS_SEARCH_USER_PATHS = NO;
				CLANG_ANALYZER_NONNULL = YES;
				CLANG_ANALYZER_NUMBER_OBJECT_CONVERSION = YES_AGGRESSIVE;
				CLANG_CXX_LANGUAGE_STANDARD = "gnu++14";
				CLANG_CXX_LIBRARY = "libc++";
				CLANG_ENABLE_MODULES = YES;
				CLANG_ENABLE_OBJC_ARC = YES;
				CLANG_ENABLE_OBJC_WEAK = YES;
				CLANG_WARN_BLOCK_CAPTURE_AUTORELEASING = YES;
				CLANG_WARN_BOOL_CONVERSION = YES;
				CLANG_WARN_COMMA = YES;
				CLANG_WARN_CONSTANT_CONVERSION = YES;
				CLANG_WARN_DEPRECATED_OBJC_IMPLEMENTATIONS = YES;
				CLANG_WARN_DIRECT_OBJC_ISA_USAGE = YES_ERROR;
				CLANG_WARN_DOCUMENTATION_COMMENTS = YES;
				CLANG_WARN_EMPTY_BODY = YES;
				CLANG_WARN_ENUM_CONVERSION = YES;
				CLANG_WARN_INFINITE_RECURSION = YES;
				CLANG_WARN_INT_CONVERSION = YES;
				CLANG_WARN_NON_LITERAL_NULL_CONVERSION = YES;
				CLANG_WARN_OBJC_IMPLICIT_RETAIN_SELF = YES;
				CLANG_WARN_OBJC_LITERAL_CONVERSION = YES;
				CLANG_WARN_OBJC_ROOT_CLASS = YES_ERROR;
				CLANG_WARN_RANGE_LOOP_ANALYSIS = YES;
				CLANG_WARN_STRICT_PROTOTYPES = YES;
				CLANG_WARN_SUSPICIOUS_MOVE = YES;
				CLANG_WARN_UNGUARDED_AVAILABILITY = YES_AGGRESSIVE;
				CLANG_WARN_UNREACHABLE_CODE = YES;
				CLANG_WARN__DUPLICATE_METHOD_MATCH = YES;
				COPY_PHASE_STRIP = NO;
				DEBUG_INFORMATION_FORMAT = dwarf;
				ENABLE_STRICT_OBJC_MSGSEND = YES;
				ENABLE_TESTABILITY = YES;
				GCC_C_LANGUAGE_STANDARD = gnu11;
				GCC_DYNAMIC_NO_PIC = NO;
				GCC_NO_COMMON_BLOCKS = YES;
				GCC_OPTIMIZATION_LEVEL = 0;
				GCC_PREPROCESSOR_DEFINITIONS = (
					"DEBUG=1",
					"$(inherited)",
				);
				GCC_WARN_64_TO_32_BIT_CONVERSION = YES;
				GCC_WARN_ABOUT_RETURN_TYPE = YES_ERROR;
				GCC_WARN_UNDECLARED_SELECTOR = YES;
				GCC_WARN_UNINITIALIZED_AUTOS = YES_AGGRESSIVE;
				GCC_WARN_UNUSED_FUNCTION = YES;
				GCC_WARN_UNUSED_VARIABLE = YES;
				IPHONEOS_DEPLOYMENT_TARGET = 13.0;
				MTL_ENABLE_DEBUG_INFO = INCLUDE_SOURCE;
				MTL_FAST_MATH = YES;
				ONLY_ACTIVE_ARCH = YES;
				SDKROOT = iphoneos;
				SWIFT_ACTIVE_COMPILATION_CONDITIONS = DEBUG;
				SWIFT_OPTIMIZATION_LEVEL = "-Onone";
			};
			name = Debug;
		};
		66230AA0239BB97D002727C7 /* Release */ = {
			isa = XCBuildConfiguration;
			buildSettings = {
				ALWAYS_SEARCH_USER_PATHS = NO;
				CLANG_ANALYZER_NONNULL = YES;
				CLANG_ANALYZER_NUMBER_OBJECT_CONVERSION = YES_AGGRESSIVE;
				CLANG_CXX_LANGUAGE_STANDARD = "gnu++14";
				CLANG_CXX_LIBRARY = "libc++";
				CLANG_ENABLE_MODULES = YES;
				CLANG_ENABLE_OBJC_ARC = YES;
				CLANG_ENABLE_OBJC_WEAK = YES;
				CLANG_WARN_BLOCK_CAPTURE_AUTORELEASING = YES;
				CLANG_WARN_BOOL_CONVERSION = YES;
				CLANG_WARN_COMMA = YES;
				CLANG_WARN_CONSTANT_CONVERSION = YES;
				CLANG_WARN_DEPRECATED_OBJC_IMPLEMENTATIONS = YES;
				CLANG_WARN_DIRECT_OBJC_ISA_USAGE = YES_ERROR;
				CLANG_WARN_DOCUMENTATION_COMMENTS = YES;
				CLANG_WARN_EMPTY_BODY = YES;
				CLANG_WARN_ENUM_CONVERSION = YES;
				CLANG_WARN_INFINITE_RECURSION = YES;
				CLANG_WARN_INT_CONVERSION = YES;
				CLANG_WARN_NON_LITERAL_NULL_CONVERSION = YES;
				CLANG_WARN_OBJC_IMPLICIT_RETAIN_SELF = YES;
				CLANG_WARN_OBJC_LITERAL_CONVERSION = YES;
				CLANG_WARN_OBJC_ROOT_CLASS = YES_ERROR;
				CLANG_WARN_RANGE_LOOP_ANALYSIS = YES;
				CLANG_WARN_STRICT_PROTOTYPES = YES;
				CLANG_WARN_SUSPICIOUS_MOVE = YES;
				CLANG_WARN_UNGUARDED_AVAILABILITY = YES_AGGRESSIVE;
				CLANG_WARN_UNREACHABLE_CODE = YES;
				CLANG_WARN__DUPLICATE_METHOD_MATCH = YES;
				COPY_PHASE_STRIP = NO;
				DEBUG_INFORMATION_FORMAT = "dwarf-with-dsym";
				ENABLE_NS_ASSERTIONS = NO;
				ENABLE_STRICT_OBJC_MSGSEND = YES;
				GCC_C_LANGUAGE_STANDARD = gnu11;
				GCC_NO_COMMON_BLOCKS = YES;
				GCC_WARN_64_TO_32_BIT_CONVERSION = YES;
				GCC_WARN_ABOUT_RETURN_TYPE = YES_ERROR;
				GCC_WARN_UNDECLARED_SELECTOR = YES;
				GCC_WARN_UNINITIALIZED_AUTOS = YES_AGGRESSIVE;
				GCC_WARN_UNUSED_FUNCTION = YES;
				GCC_WARN_UNUSED_VARIABLE = YES;
				IPHONEOS_DEPLOYMENT_TARGET = 13.0;
				MTL_ENABLE_DEBUG_INFO = NO;
				MTL_FAST_MATH = YES;
				SDKROOT = iphoneos;
				SWIFT_COMPILATION_MODE = wholemodule;
				SWIFT_OPTIMIZATION_LEVEL = "-O";
				VALIDATE_PRODUCT = YES;
			};
			name = Release;
		};
		66230AA2239BB97D002727C7 /* Debug */ = {
			isa = XCBuildConfiguration;
			buildSettings = {
				ASSETCATALOG_COMPILER_APPICON_NAME = AppIcon;
				CODE_SIGN_STYLE = Automatic;
				DEVELOPMENT_TEAM = RG3329PHYC;
				INFOPLIST_FILE = LinearChart/Info.plist;
				LD_RUNPATH_SEARCH_PATHS = (
					"$(inherited)",
					"@executable_path/Frameworks",
				);
				PRODUCT_BUNDLE_IDENTIFIER = "-.LinearChart";
				PRODUCT_NAME = "$(TARGET_NAME)";
				SWIFT_VERSION = 5.0;
				TARGETED_DEVICE_FAMILY = "1,2";
			};
			name = Debug;
		};
		66230AA3239BB97D002727C7 /* Release */ = {
			isa = XCBuildConfiguration;
			buildSettings = {
				ASSETCATALOG_COMPILER_APPICON_NAME = AppIcon;
				CODE_SIGN_STYLE = Automatic;
				DEVELOPMENT_TEAM = RG3329PHYC;
				INFOPLIST_FILE = LinearChart/Info.plist;
				LD_RUNPATH_SEARCH_PATHS = (
					"$(inherited)",
					"@executable_path/Frameworks",
				);
				PRODUCT_BUNDLE_IDENTIFIER = "-.LinearChart";
				PRODUCT_NAME = "$(TARGET_NAME)";
				SWIFT_VERSION = 5.0;
				TARGETED_DEVICE_FAMILY = "1,2";
			};
			name = Release;
		};
/* End XCBuildConfiguration section */

/* Begin XCConfigurationList section */
		66230A88239BB97B002727C7 /* Build configuration list for PBXProject "LinearChart" */ = {
			isa = XCConfigurationList;
			buildConfigurations = (
				66230A9F239BB97D002727C7 /* Debug */,
				66230AA0239BB97D002727C7 /* Release */,
			);
			defaultConfigurationIsVisible = 0;
			defaultConfigurationName = Release;
		};
		66230AA1239BB97D002727C7 /* Build configuration list for PBXNativeTarget "LinearChart" */ = {
			isa = XCConfigurationList;
			buildConfigurations = (
				66230AA2239BB97D002727C7 /* Debug */,
				66230AA3239BB97D002727C7 /* Release */,
			);
			defaultConfigurationIsVisible = 0;
			defaultConfigurationName = Release;
		};
/* End XCConfigurationList section */
	};
	rootObject = 66230A85239BB97B002727C7 /* Project object */;
}
